
Microsoft Visual Studio Solution File, Format Version 12.00
# Visual Studio Version 17
VisualStudioVersion = 17.7.34221.43
MinimumVisualStudioVersion = 10.0.40219.1
Project("{FAE04EC0-301F-11D3-BF4B-00C04F79EFBC}") = "AoC_D3", "AoC_D3\AoC_D3.csproj", "{73A60383-8A1D-4616-AE94-1D165073F994}"
EndProject
Project("{FAE04EC0-301F-11D3-BF4B-00C04F79EFBC}") = "AoC_D3_Tests", "AoC_D3_Tests\AoC_D3_Tests.csproj", "{7587DF5D-FBFA-4380-8A1F-050561B93B7D}"
EndProject
Global
	GlobalSection(SolutionConfigurationPlatforms) = preSolution
		Debug|Any CPU = Debug|Any CPU
		Release|Any CPU = Release|Any CPU
	EndGlobalSection
	GlobalSection(ProjectConfigurationPlatforms) = postSolution
		{73A60383-8A1D-4616-AE94-1D165073F994}.Debug|Any CPU.ActiveCfg = Debug|Any CPU
		{73A60383-8A1D-4616-AE94-1D165073F994}.Debug|Any CPU.Build.0 = Debug|Any CPU
		{73A60383-8A1D-4616-AE94-1D165073F994}.Release|Any CPU.ActiveCfg = Release|Any CPU
		{73A60383-8A1D-4616-AE94-1D165073F994}.Release|Any CPU.Build.0 = Release|Any CPU
		{7587DF5D-FBFA-4380-8A1F-050561B93B7D}.Debug|Any CPU.ActiveCfg = Debug|Any CPU
		{7587DF5D-FBFA-4380-8A1F-050561B93B7D}.Debug|Any CPU.Build.0 = Debug|Any CPU
		{7587DF5D-FBFA-4380-8A1F-050561B93B7D}.Release|Any CPU.ActiveCfg = Release|Any CPU
		{7587DF5D-FBFA-4380-8A1F-050561B93B7D}.Release|Any CPU.Build.0 = Release|Any CPU
	EndGlobalSection
	GlobalSection(SolutionProperties) = preSolution
		HideSolutionNode = FALSE
	EndGlobalSection
	GlobalSection(ExtensibilityGlobals) = postSolution
		SolutionGuid = {66DEBD0C-CEA6-4AC9-A43A-AF33872C6429}
	EndGlobalSection
EndGlobal
