
Microsoft Visual Studio Solution File, Format Version 12.00
# Visual Studio Version 17
VisualStudioVersion = 17.7.34221.43
MinimumVisualStudioVersion = 10.0.40219.1
Project("{FAE04EC0-301F-11D3-BF4B-00C04F79EFBC}") = "AoC_D5", "AoC_D5\AoC_D5.csproj", "{AA6B8641-0B6B-4499-9F70-2E9E397A7725}"
EndProject
Global
	GlobalSection(SolutionConfigurationPlatforms) = preSolution
		Debug|Any CPU = Debug|Any CPU
		Release|Any CPU = Release|Any CPU
	EndGlobalSection
	GlobalSection(ProjectConfigurationPlatforms) = postSolution
		{AA6B8641-0B6B-4499-9F70-2E9E397A7725}.Debug|Any CPU.ActiveCfg = Debug|Any CPU
		{AA6B8641-0B6B-4499-9F70-2E9E397A7725}.Debug|Any CPU.Build.0 = Debug|Any CPU
		{AA6B8641-0B6B-4499-9F70-2E9E397A7725}.Release|Any CPU.ActiveCfg = Release|Any CPU
		{AA6B8641-0B6B-4499-9F70-2E9E397A7725}.Release|Any CPU.Build.0 = Release|Any CPU
	EndGlobalSection
	GlobalSection(SolutionProperties) = preSolution
		HideSolutionNode = FALSE
	EndGlobalSection
	GlobalSection(ExtensibilityGlobals) = postSolution
		SolutionGuid = {9520F73A-3F7E-4BA7-803D-F6801C77AD70}
	EndGlobalSection
EndGlobal
